schema: '2.0'
stages:
  train_yolact:
    cmd: python src/models/yolact/custom_train.py --config=yolact_resnet50_config
      --batch_size=3
    deps:
    - path: data/TrashCan/instances_train_trashcan.json
      md5: 9961b3b9982d913319322ae85b1f4ae6
      size: 22598259
    - path: data/TrashCan/instances_val_trashcan_splt.json
      md5: d0246f701303b104cb31ffbf2e09c2d6
      size: 3937280
    - path: data/TrashCan/train/
      md5: a75f86cd5816b041b6343f9778f8239a.dir
      size: 146143311
      nfiles: 6065
    - path: data/TrashCan/val/
      md5: 470480a35554fe1fc9f03f71c307f02d.dir
      size: 27222494
      nfiles: 1147
    - path: src/models/yolact/custom_train.py
      md5: 095fcb41c47df0aa72cafc3f1d336979
      size: 16717
    - path: src/models/yolact/data/config.py
      md5: 0a23a16fa67ed216a603addd416f891e
      size: 32351
    outs:
    - path: models/yolact/best_model.pth
      md5: 5a63eba8d58778f407922ecc6ae447cc
      size: 123330173
